
Microsoft Visual Studio Solution File, Format Version 12.00
# Visual Studio Version 17
VisualStudioVersion = 17.0.31903.59
MinimumVisualStudioVersion = 10.0.40219.1
Project("{2150E333-8FDC-42A3-9474-1A3956D46DE8}") = "src", "src", "{827E0CD3-B72D-47B6-A68D-7590B98EB39B}"
EndProject
Project("{FAE04EC0-301F-11D3-BF4B-00C04F79EFBC}") = "Ripcord.Adapters.Fake", "src\Ripcord.Adapters.Fake\Ripcord.Adapters.Fake.csproj", "{5DDE50B8-F09E-4292-86EA-0743764705CA}"
EndProject
Project("{FAE04EC0-301F-11D3-BF4B-00C04F79EFBC}") = "Ripcord.Domain", "src\Ripcord.Domain\Ripcord.Domain.csproj", "{4CDA6EE5-5114-439A-88DB-7B3655B6F83C}"
EndProject
Project("{FAE04EC0-301F-11D3-BF4B-00C04F79EFBC}") = "Ripcord.Ports", "src\Ripcord.Ports\Ripcord.Ports.csproj", "{880EBBDD-6E86-4853-838C-FE5F860F3276}"
EndProject
Project("{FAE04EC0-301F-11D3-BF4B-00C04F79EFBC}") = "Ripcord.Adapters.Wmi", "src\Ripcord.Adapters.Wmi\Ripcord.Adapters.Wmi.csproj", "{443DB965-6035-4C48-86BF-A65113E973C0}"
EndProject
Project("{FAE04EC0-301F-11D3-BF4B-00C04F79EFBC}") = "Ripcord.Application", "src\Ripcord.Application\Ripcord.Application.csproj", "{763FD11B-4887-4FB1-A4DE-B6CC5BA08C61}"
EndProject
Project("{FAE04EC0-301F-11D3-BF4B-00C04F79EFBC}") = "Ripcord.Cli", "src\Ripcord.Cli\Ripcord.Cli.csproj", "{21DBDBCC-02DF-4DF7-BEF7-14FCD09E85EA}"
EndProject
Project("{FAE04EC0-301F-11D3-BF4B-00C04F79EFBC}") = "Ripcord.Host.Windows", "src\Ripcord.Host.Windows\Ripcord.Host.Windows.csproj", "{319B51CD-48CE-489C-9F35-34B505461084}"
EndProject
Project("{2150E333-8FDC-42A3-9474-1A3956D46DE8}") = "tests", "tests", "{0AB3BF05-4346-4AA6-1389-037BE0695223}"
EndProject
Project("{FAE04EC0-301F-11D3-BF4B-00C04F79EFBC}") = "Ripcord.Tests", "tests\Ripcord.Tests\Ripcord.Tests.csproj", "{EAE3C6B7-0310-4595-8773-18950D7AFDD6}"
EndProject
Project("{FAE04EC0-301F-11D3-BF4B-00C04F79EFBC}") = "Ripcord.Adapters.Yaml", "src\Ripcord.Adapters.Yaml\Ripcord.Adapters.Yaml.csproj", "{B609BBF4-C426-4A4D-969B-B5695DB455E4}"
EndProject
Project("{FAE04EC0-301F-11D3-BF4B-00C04F79EFBC}") = "Ripcord.Adapters.Pairing", "src\Ripcord.Adapters.Pairing\Ripcord.Adapters.Pairing.csproj", "{EC92F384-AED6-4040-B964-99FAED6220A3}"
EndProject
Project("{FAE04EC0-301F-11D3-BF4B-00C04F79EFBC}") = "Ripcord.Adapters.Audit", "src\Ripcord.Adapters.Audit\Ripcord.Adapters.Audit.csproj", "{040561A2-7B87-4D6C-814B-3BCB554BCD8F}"
EndProject
Project("{FAE04EC0-301F-11D3-BF4B-00C04F79EFBC}") = "Ripcord.Adapters.Notify", "src\Ripcord.Adapters.Notify\Ripcord.Adapters.Notify.csproj", "{5A269D74-50AA-4DD0-B1B5-77C27AFA6EE4}"
EndProject
Project("{FAE04EC0-301F-11D3-BF4B-00C04F79EFBC}") = "Ripcord.Adapters.Dashboard", "src\Ripcord.Adapters.Dashboard\Ripcord.Adapters.Dashboard.csproj", "{0DACFC62-C4D4-4DFD-8993-458CE4DA10CD}"
EndProject
Project("{FAE04EC0-301F-11D3-BF4B-00C04F79EFBC}") = "Ripcord.Adapters.Update", "src\Ripcord.Adapters.Update\Ripcord.Adapters.Update.csproj", "{9875413B-6969-40D1-89F1-72ABAC3C8354}"
EndProject
Project("{FAE04EC0-301F-11D3-BF4B-00C04F79EFBC}") = "Ripcord.Adapters.Diagnostics", "src\Ripcord.Adapters.Diagnostics\Ripcord.Adapters.Diagnostics.csproj", "{8E323A1E-3C38-4510-AD50-AF0AE15FC202}"
EndProject
Global
	GlobalSection(SolutionConfigurationPlatforms) = preSolution
		Debug|Any CPU = Debug|Any CPU
		Debug|x64 = Debug|x64
		Debug|x86 = Debug|x86
		Release|Any CPU = Release|Any CPU
		Release|x64 = Release|x64
		Release|x86 = Release|x86
	EndGlobalSection
	GlobalSection(ProjectConfigurationPlatforms) = postSolution
		{5DDE50B8-F09E-4292-86EA-0743764705CA}.Debug|Any CPU.ActiveCfg = Debug|Any CPU
		{5DDE50B8-F09E-4292-86EA-0743764705CA}.Debug|Any CPU.Build.0 = Debug|Any CPU
		{5DDE50B8-F09E-4292-86EA-0743764705CA}.Debug|x64.ActiveCfg = Debug|Any CPU
		{5DDE50B8-F09E-4292-86EA-0743764705CA}.Debug|x64.Build.0 = Debug|Any CPU
		{5DDE50B8-F09E-4292-86EA-0743764705CA}.Debug|x86.ActiveCfg = Debug|Any CPU
		{5DDE50B8-F09E-4292-86EA-0743764705CA}.Debug|x86.Build.0 = Debug|Any CPU
		{5DDE50B8-F09E-4292-86EA-0743764705CA}.Release|Any CPU.ActiveCfg = Release|Any CPU
		{5DDE50B8-F09E-4292-86EA-0743764705CA}.Release|Any CPU.Build.0 = Release|Any CPU
		{5DDE50B8-F09E-4292-86EA-0743764705CA}.Release|x64.ActiveCfg = Release|Any CPU
		{5DDE50B8-F09E-4292-86EA-0743764705CA}.Release|x64.Build.0 = Release|Any CPU
		{5DDE50B8-F09E-4292-86EA-0743764705CA}.Release|x86.ActiveCfg = Release|Any CPU
		{5DDE50B8-F09E-4292-86EA-0743764705CA}.Release|x86.Build.0 = Release|Any CPU
		{4CDA6EE5-5114-439A-88DB-7B3655B6F83C}.Debug|Any CPU.ActiveCfg = Debug|Any CPU
		{4CDA6EE5-5114-439A-88DB-7B3655B6F83C}.Debug|Any CPU.Build.0 = Debug|Any CPU
		{4CDA6EE5-5114-439A-88DB-7B3655B6F83C}.Debug|x64.ActiveCfg = Debug|Any CPU
		{4CDA6EE5-5114-439A-88DB-7B3655B6F83C}.Debug|x64.Build.0 = Debug|Any CPU
		{4CDA6EE5-5114-439A-88DB-7B3655B6F83C}.Debug|x86.ActiveCfg = Debug|Any CPU
		{4CDA6EE5-5114-439A-88DB-7B3655B6F83C}.Debug|x86.Build.0 = Debug|Any CPU
		{4CDA6EE5-5114-439A-88DB-7B3655B6F83C}.Release|Any CPU.ActiveCfg = Release|Any CPU
		{4CDA6EE5-5114-439A-88DB-7B3655B6F83C}.Release|Any CPU.Build.0 = Release|Any CPU
		{4CDA6EE5-5114-439A-88DB-7B3655B6F83C}.Release|x64.ActiveCfg = Release|Any CPU
		{4CDA6EE5-5114-439A-88DB-7B3655B6F83C}.Release|x64.Build.0 = Release|Any CPU
		{4CDA6EE5-5114-439A-88DB-7B3655B6F83C}.Release|x86.ActiveCfg = Release|Any CPU
		{4CDA6EE5-5114-439A-88DB-7B3655B6F83C}.Release|x86.Build.0 = Release|Any CPU
		{880EBBDD-6E86-4853-838C-FE5F860F3276}.Debug|Any CPU.ActiveCfg = Debug|Any CPU
		{880EBBDD-6E86-4853-838C-FE5F860F3276}.Debug|Any CPU.Build.0 = Debug|Any CPU
		{880EBBDD-6E86-4853-838C-FE5F860F3276}.Debug|x64.ActiveCfg = Debug|Any CPU
		{880EBBDD-6E86-4853-838C-FE5F860F3276}.Debug|x64.Build.0 = Debug|Any CPU
		{880EBBDD-6E86-4853-838C-FE5F860F3276}.Debug|x86.ActiveCfg = Debug|Any CPU
		{880EBBDD-6E86-4853-838C-FE5F860F3276}.Debug|x86.Build.0 = Debug|Any CPU
		{880EBBDD-6E86-4853-838C-FE5F860F3276}.Release|Any CPU.ActiveCfg = Release|Any CPU
		{880EBBDD-6E86-4853-838C-FE5F860F3276}.Release|Any CPU.Build.0 = Release|Any CPU
		{880EBBDD-6E86-4853-838C-FE5F860F3276}.Release|x64.ActiveCfg = Release|Any CPU
		{880EBBDD-6E86-4853-838C-FE5F860F3276}.Release|x64.Build.0 = Release|Any CPU
		{880EBBDD-6E86-4853-838C-FE5F860F3276}.Release|x86.ActiveCfg = Release|Any CPU
		{880EBBDD-6E86-4853-838C-FE5F860F3276}.Release|x86.Build.0 = Release|Any CPU
		{443DB965-6035-4C48-86BF-A65113E973C0}.Debug|Any CPU.ActiveCfg = Debug|Any CPU
		{443DB965-6035-4C48-86BF-A65113E973C0}.Debug|Any CPU.Build.0 = Debug|Any CPU
		{443DB965-6035-4C48-86BF-A65113E973C0}.Debug|x64.ActiveCfg = Debug|Any CPU
		{443DB965-6035-4C48-86BF-A65113E973C0}.Debug|x64.Build.0 = Debug|Any CPU
		{443DB965-6035-4C48-86BF-A65113E973C0}.Debug|x86.ActiveCfg = Debug|Any CPU
		{443DB965-6035-4C48-86BF-A65113E973C0}.Debug|x86.Build.0 = Debug|Any CPU
		{443DB965-6035-4C48-86BF-A65113E973C0}.Release|Any CPU.ActiveCfg = Release|Any CPU
		{443DB965-6035-4C48-86BF-A65113E973C0}.Release|Any CPU.Build.0 = Release|Any CPU
		{443DB965-6035-4C48-86BF-A65113E973C0}.Release|x64.ActiveCfg = Release|Any CPU
		{443DB965-6035-4C48-86BF-A65113E973C0}.Release|x64.Build.0 = Release|Any CPU
		{443DB965-6035-4C48-86BF-A65113E973C0}.Release|x86.ActiveCfg = Release|Any CPU
		{443DB965-6035-4C48-86BF-A65113E973C0}.Release|x86.Build.0 = Release|Any CPU
		{763FD11B-4887-4FB1-A4DE-B6CC5BA08C61}.Debug|Any CPU.ActiveCfg = Debug|Any CPU
		{763FD11B-4887-4FB1-A4DE-B6CC5BA08C61}.Debug|Any CPU.Build.0 = Debug|Any CPU
		{763FD11B-4887-4FB1-A4DE-B6CC5BA08C61}.Debug|x64.ActiveCfg = Debug|Any CPU
		{763FD11B-4887-4FB1-A4DE-B6CC5BA08C61}.Debug|x64.Build.0 = Debug|Any CPU
		{763FD11B-4887-4FB1-A4DE-B6CC5BA08C61}.Debug|x86.ActiveCfg = Debug|Any CPU
		{763FD11B-4887-4FB1-A4DE-B6CC5BA08C61}.Debug|x86.Build.0 = Debug|Any CPU
		{763FD11B-4887-4FB1-A4DE-B6CC5BA08C61}.Release|Any CPU.ActiveCfg = Release|Any CPU
		{763FD11B-4887-4FB1-A4DE-B6CC5BA08C61}.Release|Any CPU.Build.0 = Release|Any CPU
		{763FD11B-4887-4FB1-A4DE-B6CC5BA08C61}.Release|x64.ActiveCfg = Release|Any CPU
		{763FD11B-4887-4FB1-A4DE-B6CC5BA08C61}.Release|x64.Build.0 = Release|Any CPU
		{763FD11B-4887-4FB1-A4DE-B6CC5BA08C61}.Release|x86.ActiveCfg = Release|Any CPU
		{763FD11B-4887-4FB1-A4DE-B6CC5BA08C61}.Release|x86.Build.0 = Release|Any CPU
		{21DBDBCC-02DF-4DF7-BEF7-14FCD09E85EA}.Debug|Any CPU.ActiveCfg = Debug|Any CPU
		{21DBDBCC-02DF-4DF7-BEF7-14FCD09E85EA}.Debug|Any CPU.Build.0 = Debug|Any CPU
		{21DBDBCC-02DF-4DF7-BEF7-14FCD09E85EA}.Debug|x64.ActiveCfg = Debug|Any CPU
		{21DBDBCC-02DF-4DF7-BEF7-14FCD09E85EA}.Debug|x64.Build.0 = Debug|Any CPU
		{21DBDBCC-02DF-4DF7-BEF7-14FCD09E85EA}.Debug|x86.ActiveCfg = Debug|Any CPU
		{21DBDBCC-02DF-4DF7-BEF7-14FCD09E85EA}.Debug|x86.Build.0 = Debug|Any CPU
		{21DBDBCC-02DF-4DF7-BEF7-14FCD09E85EA}.Release|Any CPU.ActiveCfg = Release|Any CPU
		{21DBDBCC-02DF-4DF7-BEF7-14FCD09E85EA}.Release|Any CPU.Build.0 = Release|Any CPU
		{21DBDBCC-02DF-4DF7-BEF7-14FCD09E85EA}.Release|x64.ActiveCfg = Release|Any CPU
		{21DBDBCC-02DF-4DF7-BEF7-14FCD09E85EA}.Release|x64.Build.0 = Release|Any CPU
		{21DBDBCC-02DF-4DF7-BEF7-14FCD09E85EA}.Release|x86.ActiveCfg = Release|Any CPU
		{21DBDBCC-02DF-4DF7-BEF7-14FCD09E85EA}.Release|x86.Build.0 = Release|Any CPU
		{319B51CD-48CE-489C-9F35-34B505461084}.Debug|Any CPU.ActiveCfg = Debug|Any CPU
		{319B51CD-48CE-489C-9F35-34B505461084}.Debug|Any CPU.Build.0 = Debug|Any CPU
		{319B51CD-48CE-489C-9F35-34B505461084}.Debug|x64.ActiveCfg = Debug|Any CPU
		{319B51CD-48CE-489C-9F35-34B505461084}.Debug|x64.Build.0 = Debug|Any CPU
		{319B51CD-48CE-489C-9F35-34B505461084}.Debug|x86.ActiveCfg = Debug|Any CPU
		{319B51CD-48CE-489C-9F35-34B505461084}.Debug|x86.Build.0 = Debug|Any CPU
		{319B51CD-48CE-489C-9F35-34B505461084}.Release|Any CPU.ActiveCfg = Release|Any CPU
		{319B51CD-48CE-489C-9F35-34B505461084}.Release|Any CPU.Build.0 = Release|Any CPU
		{319B51CD-48CE-489C-9F35-34B505461084}.Release|x64.ActiveCfg = Release|Any CPU
		{319B51CD-48CE-489C-9F35-34B505461084}.Release|x64.Build.0 = Release|Any CPU
		{319B51CD-48CE-489C-9F35-34B505461084}.Release|x86.ActiveCfg = Release|Any CPU
		{319B51CD-48CE-489C-9F35-34B505461084}.Release|x86.Build.0 = Release|Any CPU
		{EAE3C6B7-0310-4595-8773-18950D7AFDD6}.Debug|Any CPU.ActiveCfg = Debug|Any CPU
		{EAE3C6B7-0310-4595-8773-18950D7AFDD6}.Debug|Any CPU.Build.0 = Debug|Any CPU
		{EAE3C6B7-0310-4595-8773-18950D7AFDD6}.Debug|x64.ActiveCfg = Debug|Any CPU
		{EAE3C6B7-0310-4595-8773-18950D7AFDD6}.Debug|x64.Build.0 = Debug|Any CPU
		{EAE3C6B7-0310-4595-8773-18950D7AFDD6}.Debug|x86.ActiveCfg = Debug|Any CPU
		{EAE3C6B7-0310-4595-8773-18950D7AFDD6}.Debug|x86.Build.0 = Debug|Any CPU
		{EAE3C6B7-0310-4595-8773-18950D7AFDD6}.Release|Any CPU.ActiveCfg = Release|Any CPU
		{EAE3C6B7-0310-4595-8773-18950D7AFDD6}.Release|Any CPU.Build.0 = Release|Any CPU
		{EAE3C6B7-0310-4595-8773-18950D7AFDD6}.Release|x64.ActiveCfg = Release|Any CPU
		{EAE3C6B7-0310-4595-8773-18950D7AFDD6}.Release|x64.Build.0 = Release|Any CPU
		{EAE3C6B7-0310-4595-8773-18950D7AFDD6}.Release|x86.ActiveCfg = Release|Any CPU
		{EAE3C6B7-0310-4595-8773-18950D7AFDD6}.Release|x86.Build.0 = Release|Any CPU
		{B609BBF4-C426-4A4D-969B-B5695DB455E4}.Debug|Any CPU.ActiveCfg = Debug|Any CPU
		{B609BBF4-C426-4A4D-969B-B5695DB455E4}.Debug|Any CPU.Build.0 = Debug|Any CPU
		{B609BBF4-C426-4A4D-969B-B5695DB455E4}.Debug|x64.ActiveCfg = Debug|Any CPU
		{B609BBF4-C426-4A4D-969B-B5695DB455E4}.Debug|x64.Build.0 = Debug|Any CPU
		{B609BBF4-C426-4A4D-969B-B5695DB455E4}.Debug|x86.ActiveCfg = Debug|Any CPU
		{B609BBF4-C426-4A4D-969B-B5695DB455E4}.Debug|x86.Build.0 = Debug|Any CPU
		{B609BBF4-C426-4A4D-969B-B5695DB455E4}.Release|Any CPU.ActiveCfg = Release|Any CPU
		{B609BBF4-C426-4A4D-969B-B5695DB455E4}.Release|Any CPU.Build.0 = Release|Any CPU
		{B609BBF4-C426-4A4D-969B-B5695DB455E4}.Release|x64.ActiveCfg = Release|Any CPU
		{B609BBF4-C426-4A4D-969B-B5695DB455E4}.Release|x64.Build.0 = Release|Any CPU
		{B609BBF4-C426-4A4D-969B-B5695DB455E4}.Release|x86.ActiveCfg = Release|Any CPU
		{B609BBF4-C426-4A4D-969B-B5695DB455E4}.Release|x86.Build.0 = Release|Any CPU
		{EC92F384-AED6-4040-B964-99FAED6220A3}.Debug|Any CPU.ActiveCfg = Debug|Any CPU
		{EC92F384-AED6-4040-B964-99FAED6220A3}.Debug|Any CPU.Build.0 = Debug|Any CPU
		{EC92F384-AED6-4040-B964-99FAED6220A3}.Debug|x64.ActiveCfg = Debug|Any CPU
		{EC92F384-AED6-4040-B964-99FAED6220A3}.Debug|x64.Build.0 = Debug|Any CPU
		{EC92F384-AED6-4040-B964-99FAED6220A3}.Debug|x86.ActiveCfg = Debug|Any CPU
		{EC92F384-AED6-4040-B964-99FAED6220A3}.Debug|x86.Build.0 = Debug|Any CPU
		{EC92F384-AED6-4040-B964-99FAED6220A3}.Release|Any CPU.ActiveCfg = Release|Any CPU
		{EC92F384-AED6-4040-B964-99FAED6220A3}.Release|Any CPU.Build.0 = Release|Any CPU
		{EC92F384-AED6-4040-B964-99FAED6220A3}.Release|x64.ActiveCfg = Release|Any CPU
		{EC92F384-AED6-4040-B964-99FAED6220A3}.Release|x64.Build.0 = Release|Any CPU
		{EC92F384-AED6-4040-B964-99FAED6220A3}.Release|x86.ActiveCfg = Release|Any CPU
		{EC92F384-AED6-4040-B964-99FAED6220A3}.Release|x86.Build.0 = Release|Any CPU
		{040561A2-7B87-4D6C-814B-3BCB554BCD8F}.Debug|Any CPU.ActiveCfg = Debug|Any CPU
		{040561A2-7B87-4D6C-814B-3BCB554BCD8F}.Debug|Any CPU.Build.0 = Debug|Any CPU
		{040561A2-7B87-4D6C-814B-3BCB554BCD8F}.Debug|x64.ActiveCfg = Debug|Any CPU
		{040561A2-7B87-4D6C-814B-3BCB554BCD8F}.Debug|x64.Build.0 = Debug|Any CPU
		{040561A2-7B87-4D6C-814B-3BCB554BCD8F}.Debug|x86.ActiveCfg = Debug|Any CPU
		{040561A2-7B87-4D6C-814B-3BCB554BCD8F}.Debug|x86.Build.0 = Debug|Any CPU
		{040561A2-7B87-4D6C-814B-3BCB554BCD8F}.Release|Any CPU.ActiveCfg = Release|Any CPU
		{040561A2-7B87-4D6C-814B-3BCB554BCD8F}.Release|Any CPU.Build.0 = Release|Any CPU
		{040561A2-7B87-4D6C-814B-3BCB554BCD8F}.Release|x64.ActiveCfg = Release|Any CPU
		{040561A2-7B87-4D6C-814B-3BCB554BCD8F}.Release|x64.Build.0 = Release|Any CPU
		{040561A2-7B87-4D6C-814B-3BCB554BCD8F}.Release|x86.ActiveCfg = Release|Any CPU
		{040561A2-7B87-4D6C-814B-3BCB554BCD8F}.Release|x86.Build.0 = Release|Any CPU
		{5A269D74-50AA-4DD0-B1B5-77C27AFA6EE4}.Debug|Any CPU.ActiveCfg = Debug|Any CPU
		{5A269D74-50AA-4DD0-B1B5-77C27AFA6EE4}.Debug|Any CPU.Build.0 = Debug|Any CPU
		{5A269D74-50AA-4DD0-B1B5-77C27AFA6EE4}.Debug|x64.ActiveCfg = Debug|Any CPU
		{5A269D74-50AA-4DD0-B1B5-77C27AFA6EE4}.Debug|x64.Build.0 = Debug|Any CPU
		{5A269D74-50AA-4DD0-B1B5-77C27AFA6EE4}.Debug|x86.ActiveCfg = Debug|Any CPU
		{5A269D74-50AA-4DD0-B1B5-77C27AFA6EE4}.Debug|x86.Build.0 = Debug|Any CPU
		{5A269D74-50AA-4DD0-B1B5-77C27AFA6EE4}.Release|Any CPU.ActiveCfg = Release|Any CPU
		{5A269D74-50AA-4DD0-B1B5-77C27AFA6EE4}.Release|Any CPU.Build.0 = Release|Any CPU
		{5A269D74-50AA-4DD0-B1B5-77C27AFA6EE4}.Release|x64.ActiveCfg = Release|Any CPU
		{5A269D74-50AA-4DD0-B1B5-77C27AFA6EE4}.Release|x64.Build.0 = Release|Any CPU
		{5A269D74-50AA-4DD0-B1B5-77C27AFA6EE4}.Release|x86.ActiveCfg = Release|Any CPU
		{5A269D74-50AA-4DD0-B1B5-77C27AFA6EE4}.Release|x86.Build.0 = Release|Any CPU
		{0DACFC62-C4D4-4DFD-8993-458CE4DA10CD}.Debug|Any CPU.ActiveCfg = Debug|Any CPU
		{0DACFC62-C4D4-4DFD-8993-458CE4DA10CD}.Debug|Any CPU.Build.0 = Debug|Any CPU
		{0DACFC62-C4D4-4DFD-8993-458CE4DA10CD}.Debug|x64.ActiveCfg = Debug|Any CPU
		{0DACFC62-C4D4-4DFD-8993-458CE4DA10CD}.Debug|x64.Build.0 = Debug|Any CPU
		{0DACFC62-C4D4-4DFD-8993-458CE4DA10CD}.Debug|x86.ActiveCfg = Debug|Any CPU
		{0DACFC62-C4D4-4DFD-8993-458CE4DA10CD}.Debug|x86.Build.0 = Debug|Any CPU
		{0DACFC62-C4D4-4DFD-8993-458CE4DA10CD}.Release|Any CPU.ActiveCfg = Release|Any CPU
		{0DACFC62-C4D4-4DFD-8993-458CE4DA10CD}.Release|Any CPU.Build.0 = Release|Any CPU
		{0DACFC62-C4D4-4DFD-8993-458CE4DA10CD}.Release|x64.ActiveCfg = Release|Any CPU
		{0DACFC62-C4D4-4DFD-8993-458CE4DA10CD}.Release|x64.Build.0 = Release|Any CPU
		{0DACFC62-C4D4-4DFD-8993-458CE4DA10CD}.Release|x86.ActiveCfg = Release|Any CPU
		{0DACFC62-C4D4-4DFD-8993-458CE4DA10CD}.Release|x86.Build.0 = Release|Any CPU
		{9875413B-6969-40D1-89F1-72ABAC3C8354}.Debug|Any CPU.ActiveCfg = Debug|Any CPU
		{9875413B-6969-40D1-89F1-72ABAC3C8354}.Debug|Any CPU.Build.0 = Debug|Any CPU
		{9875413B-6969-40D1-89F1-72ABAC3C8354}.Debug|x64.ActiveCfg = Debug|Any CPU
		{9875413B-6969-40D1-89F1-72ABAC3C8354}.Debug|x64.Build.0 = Debug|Any CPU
		{9875413B-6969-40D1-89F1-72ABAC3C8354}.Debug|x86.ActiveCfg = Debug|Any CPU
		{9875413B-6969-40D1-89F1-72ABAC3C8354}.Debug|x86.Build.0 = Debug|Any CPU
		{9875413B-6969-40D1-89F1-72ABAC3C8354}.Release|Any CPU.ActiveCfg = Release|Any CPU
		{9875413B-6969-40D1-89F1-72ABAC3C8354}.Release|Any CPU.Build.0 = Release|Any CPU
		{9875413B-6969-40D1-89F1-72ABAC3C8354}.Release|x64.ActiveCfg = Release|Any CPU
		{9875413B-6969-40D1-89F1-72ABAC3C8354}.Release|x64.Build.0 = Release|Any CPU
		{9875413B-6969-40D1-89F1-72ABAC3C8354}.Release|x86.ActiveCfg = Release|Any CPU
		{9875413B-6969-40D1-89F1-72ABAC3C8354}.Release|x86.Build.0 = Release|Any CPU
		{8E323A1E-3C38-4510-AD50-AF0AE15FC202}.Debug|Any CPU.ActiveCfg = Debug|Any CPU
		{8E323A1E-3C38-4510-AD50-AF0AE15FC202}.Debug|Any CPU.Build.0 = Debug|Any CPU
		{8E323A1E-3C38-4510-AD50-AF0AE15FC202}.Debug|x64.ActiveCfg = Debug|Any CPU
		{8E323A1E-3C38-4510-AD50-AF0AE15FC202}.Debug|x64.Build.0 = Debug|Any CPU
		{8E323A1E-3C38-4510-AD50-AF0AE15FC202}.Debug|x86.ActiveCfg = Debug|Any CPU
		{8E323A1E-3C38-4510-AD50-AF0AE15FC202}.Debug|x86.Build.0 = Debug|Any CPU
		{8E323A1E-3C38-4510-AD50-AF0AE15FC202}.Release|Any CPU.ActiveCfg = Release|Any CPU
		{8E323A1E-3C38-4510-AD50-AF0AE15FC202}.Release|Any CPU.Build.0 = Release|Any CPU
		{8E323A1E-3C38-4510-AD50-AF0AE15FC202}.Release|x64.ActiveCfg = Release|Any CPU
		{8E323A1E-3C38-4510-AD50-AF0AE15FC202}.Release|x64.Build.0 = Release|Any CPU
		{8E323A1E-3C38-4510-AD50-AF0AE15FC202}.Release|x86.ActiveCfg = Release|Any CPU
		{8E323A1E-3C38-4510-AD50-AF0AE15FC202}.Release|x86.Build.0 = Release|Any CPU
	EndGlobalSection
	GlobalSection(SolutionProperties) = preSolution
		HideSolutionNode = FALSE
	EndGlobalSection
	GlobalSection(NestedProjects) = preSolution
		{5DDE50B8-F09E-4292-86EA-0743764705CA} = {827E0CD3-B72D-47B6-A68D-7590B98EB39B}
		{4CDA6EE5-5114-439A-88DB-7B3655B6F83C} = {827E0CD3-B72D-47B6-A68D-7590B98EB39B}
		{880EBBDD-6E86-4853-838C-FE5F860F3276} = {827E0CD3-B72D-47B6-A68D-7590B98EB39B}
		{443DB965-6035-4C48-86BF-A65113E973C0} = {827E0CD3-B72D-47B6-A68D-7590B98EB39B}
		{763FD11B-4887-4FB1-A4DE-B6CC5BA08C61} = {827E0CD3-B72D-47B6-A68D-7590B98EB39B}
		{21DBDBCC-02DF-4DF7-BEF7-14FCD09E85EA} = {827E0CD3-B72D-47B6-A68D-7590B98EB39B}
		{319B51CD-48CE-489C-9F35-34B505461084} = {827E0CD3-B72D-47B6-A68D-7590B98EB39B}
		{EAE3C6B7-0310-4595-8773-18950D7AFDD6} = {0AB3BF05-4346-4AA6-1389-037BE0695223}
		{B609BBF4-C426-4A4D-969B-B5695DB455E4} = {827E0CD3-B72D-47B6-A68D-7590B98EB39B}
		{EC92F384-AED6-4040-B964-99FAED6220A3} = {827E0CD3-B72D-47B6-A68D-7590B98EB39B}
		{040561A2-7B87-4D6C-814B-3BCB554BCD8F} = {827E0CD3-B72D-47B6-A68D-7590B98EB39B}
		{5A269D74-50AA-4DD0-B1B5-77C27AFA6EE4} = {827E0CD3-B72D-47B6-A68D-7590B98EB39B}
		{0DACFC62-C4D4-4DFD-8993-458CE4DA10CD} = {827E0CD3-B72D-47B6-A68D-7590B98EB39B}
		{9875413B-6969-40D1-89F1-72ABAC3C8354} = {827E0CD3-B72D-47B6-A68D-7590B98EB39B}
		{8E323A1E-3C38-4510-AD50-AF0AE15FC202} = {827E0CD3-B72D-47B6-A68D-7590B98EB39B}
	EndGlobalSection
EndGlobal
